
Microsoft Visual Studio Solution File, Format Version 12.00
# Visual Studio 15
Project("{FAE04EC0-301F-11D3-BF4B-00C04F79EFBC}") = "Assembly-CSharp", "Assembly-CSharp.csproj", "{A3CCFEDF-72E7-46AC-50B4-0220DF4AC21D}"
EndProject
Project("{FAE04EC0-301F-11D3-BF4B-00C04F79EFBC}") = "Unity.AI.Navigation.Samples", "Unity.AI.Navigation.Samples.csproj", "{0AAE6FBD-6E91-6E29-36F9-02BDAF756FB1}"
EndProject
Project("{FAE04EC0-301F-11D3-BF4B-00C04F79EFBC}") = "Unity.AI.Navigation.Samples.Initialization.Editor", "Unity.AI.Navigation.Samples.Initialization.Editor.csproj", "{D0850BCC-1ED4-2858-77AF-8792DC95D3D7}"
EndProject
Global
	GlobalSection(SolutionConfigurationPlatforms) = preSolution
		Debug|Any CPU = Debug|Any CPU
		Release|Any CPU = Release|Any CPU
	EndGlobalSection
	GlobalSection(ProjectConfigurationPlatforms) = postSolution
		{A3CCFEDF-72E7-46AC-50B4-0220DF4AC21D}.Debug|Any CPU.ActiveCfg = Debug|Any CPU
		{A3CCFEDF-72E7-46AC-50B4-0220DF4AC21D}.Debug|Any CPU.Build.0 = Debug|Any CPU
		{A3CCFEDF-72E7-46AC-50B4-0220DF4AC21D}.Release|Any CPU.ActiveCfg = Release|Any CPU
		{A3CCFEDF-72E7-46AC-50B4-0220DF4AC21D}.Release|Any CPU.Build.0 = Release|Any CPU
		{0AAE6FBD-6E91-6E29-36F9-02BDAF756FB1}.Debug|Any CPU.ActiveCfg = Debug|Any CPU
		{0AAE6FBD-6E91-6E29-36F9-02BDAF756FB1}.Debug|Any CPU.Build.0 = Debug|Any CPU
		{0AAE6FBD-6E91-6E29-36F9-02BDAF756FB1}.Release|Any CPU.ActiveCfg = Release|Any CPU
		{0AAE6FBD-6E91-6E29-36F9-02BDAF756FB1}.Release|Any CPU.Build.0 = Release|Any CPU
		{D0850BCC-1ED4-2858-77AF-8792DC95D3D7}.Debug|Any CPU.ActiveCfg = Debug|Any CPU
		{D0850BCC-1ED4-2858-77AF-8792DC95D3D7}.Debug|Any CPU.Build.0 = Debug|Any CPU
		{D0850BCC-1ED4-2858-77AF-8792DC95D3D7}.Release|Any CPU.ActiveCfg = Release|Any CPU
		{D0850BCC-1ED4-2858-77AF-8792DC95D3D7}.Release|Any CPU.Build.0 = Release|Any CPU
	EndGlobalSection
	GlobalSection(SolutionProperties) = preSolution
		HideSolutionNode = FALSE
	EndGlobalSection
EndGlobal
